
Microsoft Visual Studio Solution File, Format Version 12.00
Project("{FAE04EC0-301F-11D3-BF4B-00C04F79EFBC}") = "Lab1_Birthday", "Lab1_Birthday\Lab1_Birthday.csproj", "{9BA7F959-FC9E-489C-81AC-840DEA3AE446}"
EndProject
Global
	GlobalSection(SolutionConfigurationPlatforms) = preSolution
		Debug|Any CPU = Debug|Any CPU
		Release|Any CPU = Release|Any CPU
	EndGlobalSection
	GlobalSection(ProjectConfigurationPlatforms) = postSolution
		{9BA7F959-FC9E-489C-81AC-840DEA3AE446}.Debug|Any CPU.ActiveCfg = Debug|Any CPU
		{9BA7F959-FC9E-489C-81AC-840DEA3AE446}.Debug|Any CPU.Build.0 = Debug|Any CPU
		{9BA7F959-FC9E-489C-81AC-840DEA3AE446}.Release|Any CPU.ActiveCfg = Release|Any CPU
		{9BA7F959-FC9E-489C-81AC-840DEA3AE446}.Release|Any CPU.Build.0 = Release|Any CPU
	EndGlobalSection
EndGlobal
