
Microsoft Visual Studio Solution File, Format Version 12.00
Project("{FAE04EC0-301F-11D3-BF4B-00C04F79EFBC}") = "Lab1_Birthday", "Lab1_Birthday\Lab1_Birthday.csproj", "{9BA7F959-FC9E-489C-81AC-840DEA3AE446}"
EndProject
Project("{FAE04EC0-301F-11D3-BF4B-00C04F79EFBC}") = "Lab2_Otp", "Lab2_Otp\Lab2_Otp.csproj", "{41EEA430-AFC5-4674-AE9B-8F3DF96FC7FE}"
EndProject
Project("{FAE04EC0-301F-11D3-BF4B-00C04F79EFBC}") = "Lab2_Otp_2", "Lab2_Otp_2\Lab2_Otp_2.csproj", "{7A209D52-7F6D-4BEA-BEF3-C9590EBC5A93}"
EndProject
Project("{FAE04EC0-301F-11D3-BF4B-00C04F79EFBC}") = "Lab0", "Lab0\Lab0.csproj", "{79643894-B973-4CB2-BBC1-7F15316EEA55}"
EndProject
Project("{FAE04EC0-301F-11D3-BF4B-00C04F79EFBC}") = "Lab3_EcStore", "Lab3_EcStore\Lab3_EcStore.csproj", "{6A18451C-7579-4F27-809D-18B6F20B3DD8}"
EndProject
Project("{FAE04EC0-301F-11D3-BF4B-00C04F79EFBC}") = "Lab4_AssertionSample", "Lab4_AssertionSample\Lab4_AssertionSample.csproj", "{E5D2A5B7-DB20-4D6D-AF55-D1753D274479}"
EndProject
Project("{FAE04EC0-301F-11D3-BF4B-00C04F79EFBC}") = "Lab5_RealCode", "Lab5_RealCode\Lab5_RealCode.csproj", "{7253409F-CB95-4F30-99B0-698084FA4146}"
EndProject
Global
	GlobalSection(SolutionConfigurationPlatforms) = preSolution
		Debug|Any CPU = Debug|Any CPU
		Release|Any CPU = Release|Any CPU
	EndGlobalSection
	GlobalSection(ProjectConfigurationPlatforms) = postSolution
		{9BA7F959-FC9E-489C-81AC-840DEA3AE446}.Debug|Any CPU.ActiveCfg = Debug|Any CPU
		{9BA7F959-FC9E-489C-81AC-840DEA3AE446}.Debug|Any CPU.Build.0 = Debug|Any CPU
		{9BA7F959-FC9E-489C-81AC-840DEA3AE446}.Release|Any CPU.ActiveCfg = Release|Any CPU
		{9BA7F959-FC9E-489C-81AC-840DEA3AE446}.Release|Any CPU.Build.0 = Release|Any CPU
		{41EEA430-AFC5-4674-AE9B-8F3DF96FC7FE}.Debug|Any CPU.ActiveCfg = Debug|Any CPU
		{41EEA430-AFC5-4674-AE9B-8F3DF96FC7FE}.Debug|Any CPU.Build.0 = Debug|Any CPU
		{41EEA430-AFC5-4674-AE9B-8F3DF96FC7FE}.Release|Any CPU.ActiveCfg = Release|Any CPU
		{41EEA430-AFC5-4674-AE9B-8F3DF96FC7FE}.Release|Any CPU.Build.0 = Release|Any CPU
		{7A209D52-7F6D-4BEA-BEF3-C9590EBC5A93}.Debug|Any CPU.ActiveCfg = Debug|Any CPU
		{7A209D52-7F6D-4BEA-BEF3-C9590EBC5A93}.Debug|Any CPU.Build.0 = Debug|Any CPU
		{7A209D52-7F6D-4BEA-BEF3-C9590EBC5A93}.Release|Any CPU.ActiveCfg = Release|Any CPU
		{7A209D52-7F6D-4BEA-BEF3-C9590EBC5A93}.Release|Any CPU.Build.0 = Release|Any CPU
		{79643894-B973-4CB2-BBC1-7F15316EEA55}.Debug|Any CPU.ActiveCfg = Debug|Any CPU
		{79643894-B973-4CB2-BBC1-7F15316EEA55}.Debug|Any CPU.Build.0 = Debug|Any CPU
		{79643894-B973-4CB2-BBC1-7F15316EEA55}.Release|Any CPU.ActiveCfg = Release|Any CPU
		{79643894-B973-4CB2-BBC1-7F15316EEA55}.Release|Any CPU.Build.0 = Release|Any CPU
		{6A18451C-7579-4F27-809D-18B6F20B3DD8}.Debug|Any CPU.ActiveCfg = Debug|Any CPU
		{6A18451C-7579-4F27-809D-18B6F20B3DD8}.Debug|Any CPU.Build.0 = Debug|Any CPU
		{6A18451C-7579-4F27-809D-18B6F20B3DD8}.Release|Any CPU.ActiveCfg = Release|Any CPU
		{6A18451C-7579-4F27-809D-18B6F20B3DD8}.Release|Any CPU.Build.0 = Release|Any CPU
		{E5D2A5B7-DB20-4D6D-AF55-D1753D274479}.Debug|Any CPU.ActiveCfg = Debug|Any CPU
		{E5D2A5B7-DB20-4D6D-AF55-D1753D274479}.Debug|Any CPU.Build.0 = Debug|Any CPU
		{E5D2A5B7-DB20-4D6D-AF55-D1753D274479}.Release|Any CPU.ActiveCfg = Release|Any CPU
		{E5D2A5B7-DB20-4D6D-AF55-D1753D274479}.Release|Any CPU.Build.0 = Release|Any CPU
		{7253409F-CB95-4F30-99B0-698084FA4146}.Debug|Any CPU.ActiveCfg = Debug|Any CPU
		{7253409F-CB95-4F30-99B0-698084FA4146}.Debug|Any CPU.Build.0 = Debug|Any CPU
		{7253409F-CB95-4F30-99B0-698084FA4146}.Release|Any CPU.ActiveCfg = Release|Any CPU
		{7253409F-CB95-4F30-99B0-698084FA4146}.Release|Any CPU.Build.0 = Release|Any CPU
	EndGlobalSection
EndGlobal
